
Microsoft Visual Studio Solution File, Format Version 12.00
# Visual Studio Version 17
VisualStudioVersion = 17.10.35027.167
MinimumVisualStudioVersion = 10.0.40219.1
Project("{FAE04EC0-301F-11D3-BF4B-00C04F79EFBC}") = "Eczane", "Eczane\Eczane.csproj", "{BCAAABA3-1FC7-46B4-BC24-753668007E07}"
EndProject
Global
	GlobalSection(SolutionConfigurationPlatforms) = preSolution
		Debug|Any CPU = Debug|Any CPU
		Release|Any CPU = Release|Any CPU
	EndGlobalSection
	GlobalSection(ProjectConfigurationPlatforms) = postSolution
		{BCAAABA3-1FC7-46B4-BC24-753668007E07}.Debug|Any CPU.ActiveCfg = Debug|Any CPU
		{BCAAABA3-1FC7-46B4-BC24-753668007E07}.Debug|Any CPU.Build.0 = Debug|Any CPU
		{BCAAABA3-1FC7-46B4-BC24-753668007E07}.Release|Any CPU.ActiveCfg = Release|Any CPU
		{BCAAABA3-1FC7-46B4-BC24-753668007E07}.Release|Any CPU.Build.0 = Release|Any CPU
	EndGlobalSection
	GlobalSection(SolutionProperties) = preSolution
		HideSolutionNode = FALSE
	EndGlobalSection
	GlobalSection(ExtensibilityGlobals) = postSolution
		SolutionGuid = {303A06B0-E707-4780-9DE5-7928B841EE32}
	EndGlobalSection
EndGlobal
